
Microsoft Visual Studio Solution File, Format Version 12.00
# Visual Studio Version 17
VisualStudioVersion = 17.1.32210.238
MinimumVisualStudioVersion = 10.0.40219.1
Project("{FAE04EC0-301F-11D3-BF4B-00C04F79EFBC}") = "ITMO.ADO.NET.Course2022.Lab9.Exercise3", "ITMO.ADO.NET.Course2022.Lab9.Exercise3\ITMO.ADO.NET.Course2022.Lab9.Exercise3.csproj", "{376AD317-1107-45FA-8827-579F6914F631}"
EndProject
Global
	GlobalSection(SolutionConfigurationPlatforms) = preSolution
		Debug|Any CPU = Debug|Any CPU
		Release|Any CPU = Release|Any CPU
	EndGlobalSection
	GlobalSection(ProjectConfigurationPlatforms) = postSolution
		{376AD317-1107-45FA-8827-579F6914F631}.Debug|Any CPU.ActiveCfg = Debug|Any CPU
		{376AD317-1107-45FA-8827-579F6914F631}.Debug|Any CPU.Build.0 = Debug|Any CPU
		{376AD317-1107-45FA-8827-579F6914F631}.Release|Any CPU.ActiveCfg = Release|Any CPU
		{376AD317-1107-45FA-8827-579F6914F631}.Release|Any CPU.Build.0 = Release|Any CPU
	EndGlobalSection
	GlobalSection(SolutionProperties) = preSolution
		HideSolutionNode = FALSE
	EndGlobalSection
	GlobalSection(ExtensibilityGlobals) = postSolution
		SolutionGuid = {61C39F7A-F371-4069-9F88-DBF8C9B99DF4}
	EndGlobalSection
EndGlobal
