
Microsoft Visual Studio Solution File, Format Version 12.00
# Visual Studio Version 17
VisualStudioVersion = 17.1.32210.238
MinimumVisualStudioVersion = 10.0.40219.1
Project("{FAE04EC0-301F-11D3-BF4B-00C04F79EFBC}") = "ITMO.ADO.NET.Course2022.Lab2", "ITMO.ADO.NET.Course2022.Lab2\ITMO.ADO.NET.Course2022.Lab2.csproj", "{F0269AFA-1C05-4DBE-BBFF-E483DF3126FF}"
EndProject
Global
	GlobalSection(SolutionConfigurationPlatforms) = preSolution
		Debug|Any CPU = Debug|Any CPU
		Release|Any CPU = Release|Any CPU
	EndGlobalSection
	GlobalSection(ProjectConfigurationPlatforms) = postSolution
		{F0269AFA-1C05-4DBE-BBFF-E483DF3126FF}.Debug|Any CPU.ActiveCfg = Debug|Any CPU
		{F0269AFA-1C05-4DBE-BBFF-E483DF3126FF}.Debug|Any CPU.Build.0 = Debug|Any CPU
		{F0269AFA-1C05-4DBE-BBFF-E483DF3126FF}.Release|Any CPU.ActiveCfg = Release|Any CPU
		{F0269AFA-1C05-4DBE-BBFF-E483DF3126FF}.Release|Any CPU.Build.0 = Release|Any CPU
	EndGlobalSection
	GlobalSection(SolutionProperties) = preSolution
		HideSolutionNode = FALSE
	EndGlobalSection
	GlobalSection(ExtensibilityGlobals) = postSolution
		SolutionGuid = {9FCD50E3-72FA-406D-81F8-E0A23AD0F599}
	EndGlobalSection
EndGlobal
